<?xml version="1.0" encoding="utf-8"?>
<Project ToolsVersion="4.0" xmlns="http://schemas.microsoft.com/developer/msbuild/2003">
  <ItemGroup>
    <Filter Include="Source Files">
      <UniqueIdentifier>{4FC737F1-C7A5-4376-A066-2A32D752A2FF}</UniqueIdentifier>
      <Extensions>cpp;c;cc;cxx;def;odl;idl;hpj;bat;asm;asmx</Extensions>
    </Filter>
  </ItemGroup>
  <ItemGroup>
    <ClCompile Include="Game.cpp">
      <Filter>Source Files</Filter>
    </ClCompile>
    <ClCompile Include="Main.cpp">
      <Filter>Source Files</Filter>
    </ClCompile>
    <ClCompile Include="Actor.cpp">
      <Filter>Source Files</Filter>
    </ClCompile>
    <ClCompile Include="Component.cpp">
      <Filter>Source Files</Filter>
    </ClCompile>
    <ClCompile Include="Math.cpp">
      <Filter>Source Files</Filter>
    </ClCompile>
    <ClCompile Include="AnimatedSprite.cpp">
      <Filter>Source Files</Filter>
    </ClCompile>
    <ClCompile Include="CollisionComponent.cpp">
      <Filter>Source Files</Filter>
    </ClCompile>
    <ClCompile Include="MoveComponent.cpp">
      <Filter>Source Files</Filter>
    </ClCompile>
    <ClCompile Include="Player.cpp">
      <Filter>Source Files</Filter>
    </ClCompile>
    <ClCompile Include="PlayerMovComp.cpp">
      <Filter>Source Files</Filter>
    </ClCompile>
    <ClCompile Include="Random.cpp">
      <Filter>Source Files</Filter>
    </ClCompile>
    <ClCompile Include="Spawner.cpp">
      <Filter>Source Files</Filter>
    </ClCompile>
    <ClCompile Include="SpriteComponent.cpp">
      <Filter>Source Files</Filter>
    </ClCompile>
    <ClCompile Include="TiledBGComp.cpp">
      <Filter>Source Files</Filter>
    </ClCompile>
    <ClCompile Include="Collider.cpp">
      <Filter>Source Files</Filter>
    </ClCompile>
    <ClCompile Include="Door.cpp">
      <Filter>Source Files</Filter>
    </ClCompile>
    <ClCompile Include="Secret.cpp">
      <Filter>Source Files</Filter>
    </ClCompile>
  </ItemGroup>
  <ItemGroup>
    <ClInclude Include="Game.h">
      <Filter>Source Files</Filter>
    </ClInclude>
    <ClInclude Include="Actor.h">
      <Filter>Source Files</Filter>
    </ClInclude>
    <ClInclude Include="Component.h">
      <Filter>Source Files</Filter>
    </ClInclude>
    <ClInclude Include="Math.h">
      <Filter>Source Files</Filter>
    </ClInclude>
    <ClInclude Include="CSVHelper.h">
      <Filter>Source Files</Filter>
    </ClInclude>
    <ClInclude Include="AnimatedSprite.h">
      <Filter>Source Files</Filter>
    </ClInclude>
    <ClInclude Include="CollisionComponent.h">
      <Filter>Source Files</Filter>
    </ClInclude>
    <ClInclude Include="constants.h">
      <Filter>Source Files</Filter>
    </ClInclude>
    <ClInclude Include="MoveComponent.h">
      <Filter>Source Files</Filter>
    </ClInclude>
    <ClInclude Include="Player.h">
      <Filter>Source Files</Filter>
    </ClInclude>
    <ClInclude Include="PlayerMovComp.h">
      <Filter>Source Files</Filter>
    </ClInclude>
    <ClInclude Include="Random.h">
      <Filter>Source Files</Filter>
    </ClInclude>
    <ClInclude Include="Spawner.h">
      <Filter>Source Files</Filter>
    </ClInclude>
    <ClInclude Include="SpriteComponent.h">
      <Filter>Source Files</Filter>
    </ClInclude>
    <ClInclude Include="TiledBGComp.h" />
    <ClInclude Include="Collider.h" />
    <ClInclude Include="Door.h" />
    <ClInclude Include="Secret.h" />
  </ItemGroup>
</Project>